
Microsoft Visual Studio Solution File, Format Version 12.00
# Visual Studio Version 16
VisualStudioVersion = 16.0.30907.101
MinimumVisualStudioVersion = 10.0.40219.1
Project("{9A19103F-16F7-4668-BE54-9A1E7A4F7556}") = "KampIntro", "KampIntro\KampIntro.csproj", "{1EBC3563-9FD5-4462-BA76-32ECEDE8FB34}"
EndProject
Project("{9A19103F-16F7-4668-BE54-9A1E7A4F7556}") = "Metotlar", "Metotlar\Metotlar.csproj", "{BB47D4EE-EE10-48D1-AB2C-F876DAA5E3A8}"
EndProject
Project("{9A19103F-16F7-4668-BE54-9A1E7A4F7556}") = "Matematik", "Matematik\Matematik.csproj", "{E7087404-B937-4301-B8CE-EEC52833ADCE}"
EndProject
Project("{9A19103F-16F7-4668-BE54-9A1E7A4F7556}") = "DegerVeReferansTipler", "DegerVeReferansTipler\DegerVeReferansTipler.csproj", "{439D37D8-2080-4210-89A5-FC052A56BDBC}"
EndProject
Project("{9A19103F-16F7-4668-BE54-9A1E7A4F7556}") = "Methods", "Methods\Methods.csproj", "{2D1F7D28-20D1-46CC-A757-74BFAA895070}"
EndProject
Project("{9A19103F-16F7-4668-BE54-9A1E7A4F7556}") = "Koleksiyonlar", "Koleksiyonlar\Koleksiyonlar.csproj", "{4304D760-B9E9-4514-9473-71B222423E24}"
EndProject
Project("{9A19103F-16F7-4668-BE54-9A1E7A4F7556}") = "GenericsIntro", "GenericsIntro\GenericsIntro.csproj", "{AC172DF5-224F-462E-972D-B70128549750}"
EndProject
Project("{9A19103F-16F7-4668-BE54-9A1E7A4F7556}") = "ReferenceTypes", "ReferenceTypes\ReferenceTypes.csproj", "{AE09B09B-8385-48C9-8BC2-C3E77255D793}"
EndProject
Project("{FAE04EC0-301F-11D3-BF4B-00C04F79EFBC}") = "Constructors", "Constructors\Constructors.csproj", "{286F95B0-D5E7-4AF1-9B2B-276B2989DF6D}"
EndProject
Project("{FAE04EC0-301F-11D3-BF4B-00C04F79EFBC}") = "GenericsOdev", "GenericsOdev\GenericsOdev.csproj", "{4CCA75E9-F9A0-4BB2-8DF3-F59AC8F0848F}"
EndProject
Global
	GlobalSection(SolutionConfigurationPlatforms) = preSolution
		Debug|Any CPU = Debug|Any CPU
		Release|Any CPU = Release|Any CPU
	EndGlobalSection
	GlobalSection(ProjectConfigurationPlatforms) = postSolution
		{1EBC3563-9FD5-4462-BA76-32ECEDE8FB34}.Debug|Any CPU.ActiveCfg = Debug|Any CPU
		{1EBC3563-9FD5-4462-BA76-32ECEDE8FB34}.Debug|Any CPU.Build.0 = Debug|Any CPU
		{1EBC3563-9FD5-4462-BA76-32ECEDE8FB34}.Release|Any CPU.ActiveCfg = Release|Any CPU
		{1EBC3563-9FD5-4462-BA76-32ECEDE8FB34}.Release|Any CPU.Build.0 = Release|Any CPU
		{BB47D4EE-EE10-48D1-AB2C-F876DAA5E3A8}.Debug|Any CPU.ActiveCfg = Debug|Any CPU
		{BB47D4EE-EE10-48D1-AB2C-F876DAA5E3A8}.Debug|Any CPU.Build.0 = Debug|Any CPU
		{BB47D4EE-EE10-48D1-AB2C-F876DAA5E3A8}.Release|Any CPU.ActiveCfg = Release|Any CPU
		{BB47D4EE-EE10-48D1-AB2C-F876DAA5E3A8}.Release|Any CPU.Build.0 = Release|Any CPU
		{E7087404-B937-4301-B8CE-EEC52833ADCE}.Debug|Any CPU.ActiveCfg = Debug|Any CPU
		{E7087404-B937-4301-B8CE-EEC52833ADCE}.Debug|Any CPU.Build.0 = Debug|Any CPU
		{E7087404-B937-4301-B8CE-EEC52833ADCE}.Release|Any CPU.ActiveCfg = Release|Any CPU
		{E7087404-B937-4301-B8CE-EEC52833ADCE}.Release|Any CPU.Build.0 = Release|Any CPU
		{439D37D8-2080-4210-89A5-FC052A56BDBC}.Debug|Any CPU.ActiveCfg = Debug|Any CPU
		{439D37D8-2080-4210-89A5-FC052A56BDBC}.Debug|Any CPU.Build.0 = Debug|Any CPU
		{439D37D8-2080-4210-89A5-FC052A56BDBC}.Release|Any CPU.ActiveCfg = Release|Any CPU
		{439D37D8-2080-4210-89A5-FC052A56BDBC}.Release|Any CPU.Build.0 = Release|Any CPU
		{2D1F7D28-20D1-46CC-A757-74BFAA895070}.Debug|Any CPU.ActiveCfg = Debug|Any CPU
		{2D1F7D28-20D1-46CC-A757-74BFAA895070}.Debug|Any CPU.Build.0 = Debug|Any CPU
		{2D1F7D28-20D1-46CC-A757-74BFAA895070}.Release|Any CPU.ActiveCfg = Release|Any CPU
		{2D1F7D28-20D1-46CC-A757-74BFAA895070}.Release|Any CPU.Build.0 = Release|Any CPU
		{4304D760-B9E9-4514-9473-71B222423E24}.Debug|Any CPU.ActiveCfg = Debug|Any CPU
		{4304D760-B9E9-4514-9473-71B222423E24}.Debug|Any CPU.Build.0 = Debug|Any CPU
		{4304D760-B9E9-4514-9473-71B222423E24}.Release|Any CPU.ActiveCfg = Release|Any CPU
		{4304D760-B9E9-4514-9473-71B222423E24}.Release|Any CPU.Build.0 = Release|Any CPU
		{AC172DF5-224F-462E-972D-B70128549750}.Debug|Any CPU.ActiveCfg = Debug|Any CPU
		{AC172DF5-224F-462E-972D-B70128549750}.Debug|Any CPU.Build.0 = Debug|Any CPU
		{AC172DF5-224F-462E-972D-B70128549750}.Release|Any CPU.ActiveCfg = Release|Any CPU
		{AC172DF5-224F-462E-972D-B70128549750}.Release|Any CPU.Build.0 = Release|Any CPU
		{AE09B09B-8385-48C9-8BC2-C3E77255D793}.Debug|Any CPU.ActiveCfg = Debug|Any CPU
		{AE09B09B-8385-48C9-8BC2-C3E77255D793}.Debug|Any CPU.Build.0 = Debug|Any CPU
		{AE09B09B-8385-48C9-8BC2-C3E77255D793}.Release|Any CPU.ActiveCfg = Release|Any CPU
		{AE09B09B-8385-48C9-8BC2-C3E77255D793}.Release|Any CPU.Build.0 = Release|Any CPU
		{286F95B0-D5E7-4AF1-9B2B-276B2989DF6D}.Debug|Any CPU.ActiveCfg = Debug|Any CPU
		{286F95B0-D5E7-4AF1-9B2B-276B2989DF6D}.Debug|Any CPU.Build.0 = Debug|Any CPU
		{286F95B0-D5E7-4AF1-9B2B-276B2989DF6D}.Release|Any CPU.ActiveCfg = Release|Any CPU
		{286F95B0-D5E7-4AF1-9B2B-276B2989DF6D}.Release|Any CPU.Build.0 = Release|Any CPU
		{4CCA75E9-F9A0-4BB2-8DF3-F59AC8F0848F}.Debug|Any CPU.ActiveCfg = Debug|Any CPU
		{4CCA75E9-F9A0-4BB2-8DF3-F59AC8F0848F}.Debug|Any CPU.Build.0 = Debug|Any CPU
		{4CCA75E9-F9A0-4BB2-8DF3-F59AC8F0848F}.Release|Any CPU.ActiveCfg = Release|Any CPU
		{4CCA75E9-F9A0-4BB2-8DF3-F59AC8F0848F}.Release|Any CPU.Build.0 = Release|Any CPU
	EndGlobalSection
	GlobalSection(SolutionProperties) = preSolution
		HideSolutionNode = FALSE
	EndGlobalSection
	GlobalSection(ExtensibilityGlobals) = postSolution
		SolutionGuid = {E13AB159-7454-4CEB-9EE9-F8EF39AF447E}
	EndGlobalSection
EndGlobal
